
Microsoft Visual Studio Solution File, Format Version 12.00
# Visual Studio Version 16
VisualStudioVersion = 16.0.30804.86
MinimumVisualStudioVersion = 10.0.40219.1
Project("{FAE04EC0-301F-11D3-BF4B-00C04F79EFBC}") = "EgyShop", "EgyShop\EgyShop.csproj", "{7B1F98E4-1016-4B04-9DAF-7B36601C3393}"
EndProject
Global
	GlobalSection(SolutionConfigurationPlatforms) = preSolution
		Debug|Any CPU = Debug|Any CPU
		Release|Any CPU = Release|Any CPU
	EndGlobalSection
	GlobalSection(ProjectConfigurationPlatforms) = postSolution
		{7B1F98E4-1016-4B04-9DAF-7B36601C3393}.Debug|Any CPU.ActiveCfg = Debug|Any CPU
		{7B1F98E4-1016-4B04-9DAF-7B36601C3393}.Debug|Any CPU.Build.0 = Debug|Any CPU
		{7B1F98E4-1016-4B04-9DAF-7B36601C3393}.Release|Any CPU.ActiveCfg = Release|Any CPU
		{7B1F98E4-1016-4B04-9DAF-7B36601C3393}.Release|Any CPU.Build.0 = Release|Any CPU
	EndGlobalSection
	GlobalSection(SolutionProperties) = preSolution
		HideSolutionNode = FALSE
	EndGlobalSection
	GlobalSection(ExtensibilityGlobals) = postSolution
		SolutionGuid = {6AA24D07-6377-4B9B-88F5-C3A1BA2615E8}
	EndGlobalSection
EndGlobal
